<?xml version="1.0" encoding="utf-8"?>
<Project ToolsVersion="4.0" xmlns="http://schemas.microsoft.com/developer/msbuild/2003">
  <ItemGroup>
    <Filter Include="Source Files">
      <UniqueIdentifier>{4FC737F1-C7A5-4376-A066-2A32D752A2FF}</UniqueIdentifier>
      <Extensions>cpp;c;cc;cxx;c++;cppm;ixx;def;odl;idl;hpj;bat;asm;asmx</Extensions>
    </Filter>
    <Filter Include="Header Files">
      <UniqueIdentifier>{93995380-89BD-4b04-88EB-625FBE52EBFB}</UniqueIdentifier>
      <Extensions>h;hh;hpp;hxx;h++;hm;inl;inc;ipp;xsd</Extensions>
    </Filter>
    <Filter Include="Resource Files">
      <UniqueIdentifier>{67DA6AB6-F800-4c08-8B7A-83BB121AAD01}</UniqueIdentifier>
      <Extensions>rc;ico;cur;bmp;dlg;rc2;rct;bin;rgs;gif;jpg;jpeg;jpe;resx;tiff;tif;png;wav;mfcribbon-ms</Extensions>
    </Filter>
    <Filter Include="Header Files\ECS">
      <UniqueIdentifier>{678ca60f-37dc-4ad6-8a22-55f3ea91c41e}</UniqueIdentifier>
    </Filter>
    <Filter Include="Header Files\ECS\Components">
      <UniqueIdentifier>{24554176-6502-4821-9211-338a0491d683}</UniqueIdentifier>
    </Filter>
    <Filter Include="Source Files\Generics">
      <UniqueIdentifier>{d719c24a-a6f9-4b67-adda-925840bac2c6}</UniqueIdentifier>
    </Filter>
    <Filter Include="Header Files\Generics">
      <UniqueIdentifier>{725242da-caf2-420a-83c6-553e6f05e54b}</UniqueIdentifier>
    </Filter>
    <Filter Include="Header Files\ECS\Entities">
      <UniqueIdentifier>{f315db75-509b-46e1-9921-c9321b49a873}</UniqueIdentifier>
    </Filter>
    <Filter Include="Header Files\ECS\Systems">
      <UniqueIdentifier>{edf279a1-1fc8-4a08-b07c-871ae8103d76}</UniqueIdentifier>
    </Filter>
    <Filter Include="Header Files\ECS\Base">
      <UniqueIdentifier>{4545705e-fc67-4a11-b448-ccac569966d3}</UniqueIdentifier>
    </Filter>
    <Filter Include="Header Files\ECS\Managers">
      <UniqueIdentifier>{6a71584e-9aa8-4e13-bf42-1d88b25d2731}</UniqueIdentifier>
    </Filter>
    <Filter Include="Header Files\Enums">
      <UniqueIdentifier>{f020a4e8-e50a-40fe-b5ae-81eb58c98564}</UniqueIdentifier>
    </Filter>
    <Filter Include="Source Files\ECS">
      <UniqueIdentifier>{d6066e12-b129-47f0-adf1-fcd293aa627a}</UniqueIdentifier>
    </Filter>
    <Filter Include="Source Files\ECS\Systems">
      <UniqueIdentifier>{bc841b2d-42cc-458d-b51b-b4298fe209e9}</UniqueIdentifier>
    </Filter>
    <Filter Include="Source Files\ECS\Managers">
      <UniqueIdentifier>{d83a5fc2-c249-4fd5-a676-14daf611866f}</UniqueIdentifier>
    </Filter>
    <Filter Include="Header Files\Utils">
      <UniqueIdentifier>{090fcc76-1bb0-43fa-82d2-c8367f65637c}</UniqueIdentifier>
    </Filter>
    <Filter Include="Source Files\Utils">
      <UniqueIdentifier>{105c4c15-1776-4b97-8f76-0d652b6684fa}</UniqueIdentifier>
    </Filter>
  </ItemGroup>
  <ItemGroup>
    <ClCompile Include="main.cpp">
      <Filter>Source Files</Filter>
    </ClCompile>
    <ClCompile Include="Game.cpp">
      <Filter>Source Files</Filter>
    </ClCompile>
    <ClCompile Include="Vector2D.cpp">
      <Filter>Source Files\Generics</Filter>
    </ClCompile>
    <ClCompile Include="AISystem.cpp">
      <Filter>Source Files\ECS\Systems</Filter>
    </ClCompile>
    <ClCompile Include="CollisionSystem.cpp">
      <Filter>Source Files\ECS\Systems</Filter>
    </ClCompile>
    <ClCompile Include="InputSystem.cpp">
      <Filter>Source Files\ECS\Systems</Filter>
    </ClCompile>
    <ClCompile Include="RenderSystem.cpp">
      <Filter>Source Files\ECS\Systems</Filter>
    </ClCompile>
    <ClCompile Include="PlayerInteractionSystem.cpp">
      <Filter>Source Files\ECS\Systems</Filter>
    </ClCompile>
    <ClCompile Include="PlayerMovementSystem.cpp">
      <Filter>Source Files\ECS\Systems</Filter>
    </ClCompile>
    <ClCompile Include="UnitsMovementSystem.cpp">
      <Filter>Source Files\ECS\Systems</Filter>
    </ClCompile>
    <ClCompile Include="AnimationManager.cpp">
      <Filter>Source Files\ECS\Managers</Filter>
    </ClCompile>
    <ClCompile Include="AssetManager.cpp">
      <Filter>Source Files\ECS\Managers</Filter>
    </ClCompile>
    <ClCompile Include="StateAnimationSystem.cpp">
      <Filter>Source Files\ECS\Systems</Filter>
    </ClCompile>
    <ClCompile Include="Particle.cpp">
      <Filter>Source Files\Generics</Filter>
    </ClCompile>
    <ClCompile Include="Camera.cpp">
      <Filter>Source Files\Utils</Filter>
    </ClCompile>
    <ClCompile Include="ParticleEmitter.cpp">
      <Filter>Source Files\Utils</Filter>
    </ClCompile>
  </ItemGroup>
  <ItemGroup>
    <None Include="packages.config" />
    <None Include="TransformComponent.hpp">
      <Filter>Header Files\ECS\Components</Filter>
    </None>
  </ItemGroup>
  <ItemGroup>
    <ClInclude Include="Game.hpp">
      <Filter>Header Files</Filter>
    </ClInclude>
    <ClInclude Include="ECS.hpp">
      <Filter>Header Files\ECS</Filter>
    </ClInclude>
    <ClInclude Include="Component.hpp">
      <Filter>Header Files\ECS\Base</Filter>
    </ClInclude>
    <ClInclude Include="Entity.hpp">
      <Filter>Header Files\ECS\Base</Filter>
    </ClInclude>
    <ClInclude Include="Manager.hpp">
      <Filter>Header Files\ECS\Base</Filter>
    </ClInclude>
    <ClInclude Include="Vector2D.hpp">
      <Filter>Header Files\Generics</Filter>
    </ClInclude>
    <ClInclude Include="RenderComponent.hpp">
      <Filter>Header Files\ECS\Components</Filter>
    </ClInclude>
    <ClInclude Include="System.hpp">
      <Filter>Header Files\ECS\Base</Filter>
    </ClInclude>
    <ClInclude Include="RenderSystem.hpp">
      <Filter>Header Files\ECS\Systems</Filter>
    </ClInclude>
    <ClInclude Include="Player.hpp">
      <Filter>Header Files\ECS\Entities</Filter>
    </ClInclude>
    <ClInclude Include="Components.hpp">
      <Filter>Header Files\ECS\Components</Filter>
    </ClInclude>
    <ClInclude Include="Entities.hpp">
      <Filter>Header Files\ECS\Entities</Filter>
    </ClInclude>
    <ClInclude Include="Systems.hpp">
      <Filter>Header Files\ECS\Systems</Filter>
    </ClInclude>
    <ClInclude Include="Managers.hpp">
      <Filter>Header Files\ECS\Managers</Filter>
    </ClInclude>
    <ClInclude Include="AssetManager.hpp">
      <Filter>Header Files\ECS\Managers</Filter>
    </ClInclude>
    <ClInclude Include="InputSystem.hpp">
      <Filter>Header Files\ECS\Systems</Filter>
    </ClInclude>
    <ClInclude Include="StateComponent.hpp">
      <Filter>Header Files\ECS\Components</Filter>
    </ClInclude>
    <ClInclude Include="Enums.hpp">
      <Filter>Header Files\Enums</Filter>
    </ClInclude>
    <ClInclude Include="AnimationComponent.hpp">
      <Filter>Header Files\ECS\Components</Filter>
    </ClInclude>
    <ClInclude Include="Rock.hpp">
      <Filter>Header Files\ECS\Entities</Filter>
    </ClInclude>
    <ClInclude Include="ColliderComponent.hpp">
      <Filter>Header Files\ECS\Components</Filter>
    </ClInclude>
    <ClInclude Include="CollisionSystem.hpp">
      <Filter>Header Files\ECS\Systems</Filter>
    </ClInclude>
    <ClInclude Include="Bot.hpp">
      <Filter>Header Files\ECS\Entities</Filter>
    </ClInclude>
    <ClInclude Include="AISystem.hpp">
      <Filter>Header Files\ECS\Systems</Filter>
    </ClInclude>
    <ClInclude Include="PlayerInteractionSystem.hpp">
      <Filter>Header Files\ECS\Systems</Filter>
    </ClInclude>
    <ClInclude Include="PlayerMovementSystem.hpp">
      <Filter>Header Files\ECS\Systems</Filter>
    </ClInclude>
    <ClInclude Include="UnitsMovementSystem.hpp">
      <Filter>Header Files\ECS\Systems</Filter>
    </ClInclude>
    <ClInclude Include="Particle.hpp">
      <Filter>Header Files\Generics</Filter>
    </ClInclude>
    <ClInclude Include="Animation.hpp">
      <Filter>Header Files\Generics</Filter>
    </ClInclude>
    <ClInclude Include="StateAnimationSystem.hpp">
      <Filter>Header Files\ECS\Systems</Filter>
    </ClInclude>
    <ClInclude Include="AnimationManager.hpp">
      <Filter>Header Files\ECS\Managers</Filter>
    </ClInclude>
    <ClInclude Include="Camera.hpp">
      <Filter>Header Files\Utils</Filter>
    </ClInclude>
    <ClInclude Include="ParticleEmitter.hpp">
      <Filter>Header Files\Utils</Filter>
    </ClInclude>
    <ClInclude Include="Input.hpp">
      <Filter>Header Files\Utils</Filter>
    </ClInclude>
  </ItemGroup>
</Project>